
Microsoft Visual Studio Solution File, Format Version 12.00
# Visual Studio Version 17
VisualStudioVersion = 17.0.31919.166
MinimumVisualStudioVersion = 10.0.40219.1
Project("{FAE04EC0-301F-11D3-BF4B-00C04F79EFBC}") = "VotingSystem", "VotingSystem\VotingSystem.csproj", "{4F680539-B59C-49BB-9569-404214E2904A}"
EndProject
Global
	GlobalSection(SolutionConfigurationPlatforms) = preSolution
		Debug|Any CPU = Debug|Any CPU
		Release|Any CPU = Release|Any CPU
	EndGlobalSection
	GlobalSection(ProjectConfigurationPlatforms) = postSolution
		{4F680539-B59C-49BB-9569-404214E2904A}.Debug|Any CPU.ActiveCfg = Debug|Any CPU
		{4F680539-B59C-49BB-9569-404214E2904A}.Debug|Any CPU.Build.0 = Debug|Any CPU
		{4F680539-B59C-49BB-9569-404214E2904A}.Release|Any CPU.ActiveCfg = Release|Any CPU
		{4F680539-B59C-49BB-9569-404214E2904A}.Release|Any CPU.Build.0 = Release|Any CPU
	EndGlobalSection
	GlobalSection(SolutionProperties) = preSolution
		HideSolutionNode = FALSE
	EndGlobalSection
	GlobalSection(ExtensibilityGlobals) = postSolution
		SolutionGuid = {787D1D30-E40F-4383-B314-DB3A8DD7B4E2}
	EndGlobalSection
EndGlobal
